
Microsoft Visual Studio Solution File, Format Version 12.00
# Visual Studio Version 17
VisualStudioVersion = 17.3.32804.467
MinimumVisualStudioVersion = 10.0.40219.1
Project("{FAE04EC0-301F-11D3-BF4B-00C04F79EFBC}") = "hello world", "basic\hello world.csproj", "{A62D3649-4240-4F94-AA90-2073C9022A01}"
EndProject
Project("{FAE04EC0-301F-11D3-BF4B-00C04F79EFBC}") = "abc", "abc\abc.csproj", "{12D0D205-8399-49D4-B4F3-4A8D01D68250}"
EndProject
Project("{FAE04EC0-301F-11D3-BF4B-00C04F79EFBC}") = "ConsoleApp1", "ConsoleApp1\ConsoleApp1.csproj", "{B1463167-8FD8-4CA1-BFDC-A7FFB081054E}"
EndProject
Project("{FAE04EC0-301F-11D3-BF4B-00C04F79EFBC}") = "WpfApp1", "WpfApp1\WpfApp1.csproj", "{EE2D1A1A-D30C-4101-8F70-B2BFB517E6A7}"
EndProject
Global
	GlobalSection(SolutionConfigurationPlatforms) = preSolution
		Debug|Any CPU = Debug|Any CPU
		Release|Any CPU = Release|Any CPU
	EndGlobalSection
	GlobalSection(ProjectConfigurationPlatforms) = postSolution
		{A62D3649-4240-4F94-AA90-2073C9022A01}.Debug|Any CPU.ActiveCfg = Debug|Any CPU
		{A62D3649-4240-4F94-AA90-2073C9022A01}.Debug|Any CPU.Build.0 = Debug|Any CPU
		{A62D3649-4240-4F94-AA90-2073C9022A01}.Release|Any CPU.ActiveCfg = Release|Any CPU
		{A62D3649-4240-4F94-AA90-2073C9022A01}.Release|Any CPU.Build.0 = Release|Any CPU
		{12D0D205-8399-49D4-B4F3-4A8D01D68250}.Debug|Any CPU.ActiveCfg = Debug|Any CPU
		{12D0D205-8399-49D4-B4F3-4A8D01D68250}.Debug|Any CPU.Build.0 = Debug|Any CPU
		{12D0D205-8399-49D4-B4F3-4A8D01D68250}.Release|Any CPU.ActiveCfg = Release|Any CPU
		{12D0D205-8399-49D4-B4F3-4A8D01D68250}.Release|Any CPU.Build.0 = Release|Any CPU
		{B1463167-8FD8-4CA1-BFDC-A7FFB081054E}.Debug|Any CPU.ActiveCfg = Debug|Any CPU
		{B1463167-8FD8-4CA1-BFDC-A7FFB081054E}.Debug|Any CPU.Build.0 = Debug|Any CPU
		{B1463167-8FD8-4CA1-BFDC-A7FFB081054E}.Release|Any CPU.ActiveCfg = Release|Any CPU
		{B1463167-8FD8-4CA1-BFDC-A7FFB081054E}.Release|Any CPU.Build.0 = Release|Any CPU
		{EE2D1A1A-D30C-4101-8F70-B2BFB517E6A7}.Debug|Any CPU.ActiveCfg = Debug|Any CPU
		{EE2D1A1A-D30C-4101-8F70-B2BFB517E6A7}.Debug|Any CPU.Build.0 = Debug|Any CPU
		{EE2D1A1A-D30C-4101-8F70-B2BFB517E6A7}.Release|Any CPU.ActiveCfg = Release|Any CPU
		{EE2D1A1A-D30C-4101-8F70-B2BFB517E6A7}.Release|Any CPU.Build.0 = Release|Any CPU
	EndGlobalSection
	GlobalSection(SolutionProperties) = preSolution
		HideSolutionNode = FALSE
	EndGlobalSection
	GlobalSection(ExtensibilityGlobals) = postSolution
		SolutionGuid = {C4A2B8EC-57FA-4065-9D50-5A4399730BC5}
	EndGlobalSection
EndGlobal
